
Microsoft Visual Studio Solution File, Format Version 12.00
# Visual Studio Version 17
VisualStudioVersion = 17.11.35303.130
MinimumVisualStudioVersion = 10.0.40219.1
Project("{FAE04EC0-301F-11D3-BF4B-00C04F79EFBC}") = "LabOne", "LabOne\LabOne.csproj", "{B018FE57-AFA9-47BA-B5AC-14CAFB4ABAE1}"
EndProject
Global
	GlobalSection(SolutionConfigurationPlatforms) = preSolution
		Debug|Any CPU = Debug|Any CPU
		Release|Any CPU = Release|Any CPU
	EndGlobalSection
	GlobalSection(ProjectConfigurationPlatforms) = postSolution
		{B018FE57-AFA9-47BA-B5AC-14CAFB4ABAE1}.Debug|Any CPU.ActiveCfg = Debug|Any CPU
		{B018FE57-AFA9-47BA-B5AC-14CAFB4ABAE1}.Debug|Any CPU.Build.0 = Debug|Any CPU
		{B018FE57-AFA9-47BA-B5AC-14CAFB4ABAE1}.Release|Any CPU.ActiveCfg = Release|Any CPU
		{B018FE57-AFA9-47BA-B5AC-14CAFB4ABAE1}.Release|Any CPU.Build.0 = Release|Any CPU
	EndGlobalSection
	GlobalSection(SolutionProperties) = preSolution
		HideSolutionNode = FALSE
	EndGlobalSection
	GlobalSection(ExtensibilityGlobals) = postSolution
		SolutionGuid = {91207716-BDF0-475B-AFCB-C70926A3FB55}
	EndGlobalSection
EndGlobal
